
Microsoft Visual Studio Solution File, Format Version 12.00
# Visual Studio 2013
VisualStudioVersion = 12.0.30110.0
MinimumVisualStudioVersion = 10.0.40219.1
Project("{FAE04EC0-301F-11D3-BF4B-00C04F79EFBC}") = "01. School", "School\01. School.csproj", "{F55845F4-A87C-4628-A62F-3F436664FC62}"
EndProject
Project("{FAE04EC0-301F-11D3-BF4B-00C04F79EFBC}") = "02. People", "People\02. People.csproj", "{24BC0534-E69B-48E9-9C4D-BA82A344D0D1}"
EndProject
Project("{FAE04EC0-301F-11D3-BF4B-00C04F79EFBC}") = "03. Animals", "Animals\03. Animals.csproj", "{8826D6E0-326A-4C3F-8FD7-21B1212C641A}"
EndProject
Global
	GlobalSection(SolutionConfigurationPlatforms) = preSolution
		Debug|Any CPU = Debug|Any CPU
		Release|Any CPU = Release|Any CPU
	EndGlobalSection
	GlobalSection(ProjectConfigurationPlatforms) = postSolution
		{F55845F4-A87C-4628-A62F-3F436664FC62}.Debug|Any CPU.ActiveCfg = Debug|Any CPU
		{F55845F4-A87C-4628-A62F-3F436664FC62}.Debug|Any CPU.Build.0 = Debug|Any CPU
		{F55845F4-A87C-4628-A62F-3F436664FC62}.Release|Any CPU.ActiveCfg = Release|Any CPU
		{F55845F4-A87C-4628-A62F-3F436664FC62}.Release|Any CPU.Build.0 = Release|Any CPU
		{24BC0534-E69B-48E9-9C4D-BA82A344D0D1}.Debug|Any CPU.ActiveCfg = Debug|Any CPU
		{24BC0534-E69B-48E9-9C4D-BA82A344D0D1}.Debug|Any CPU.Build.0 = Debug|Any CPU
		{24BC0534-E69B-48E9-9C4D-BA82A344D0D1}.Release|Any CPU.ActiveCfg = Release|Any CPU
		{24BC0534-E69B-48E9-9C4D-BA82A344D0D1}.Release|Any CPU.Build.0 = Release|Any CPU
		{8826D6E0-326A-4C3F-8FD7-21B1212C641A}.Debug|Any CPU.ActiveCfg = Debug|Any CPU
		{8826D6E0-326A-4C3F-8FD7-21B1212C641A}.Debug|Any CPU.Build.0 = Debug|Any CPU
		{8826D6E0-326A-4C3F-8FD7-21B1212C641A}.Release|Any CPU.ActiveCfg = Release|Any CPU
		{8826D6E0-326A-4C3F-8FD7-21B1212C641A}.Release|Any CPU.Build.0 = Release|Any CPU
	EndGlobalSection
	GlobalSection(SolutionProperties) = preSolution
		HideSolutionNode = FALSE
	EndGlobalSection
EndGlobal
